
Microsoft Visual Studio Solution File, Format Version 12.00
# Visual Studio Version 17
VisualStudioVersion = 17.4.33205.214
MinimumVisualStudioVersion = 10.0.40219.1
Project("{FAE04EC0-301F-11D3-BF4B-00C04F79EFBC}") = "THA_Week7_Valencia_E", "THA_Week7_Valencia_E\THA_Week7_Valencia_E.csproj", "{42CAE3F5-C2AD-4043-AE7D-1039E573305E}"
EndProject
Global
	GlobalSection(SolutionConfigurationPlatforms) = preSolution
		Debug|Any CPU = Debug|Any CPU
		Release|Any CPU = Release|Any CPU
	EndGlobalSection
	GlobalSection(ProjectConfigurationPlatforms) = postSolution
		{42CAE3F5-C2AD-4043-AE7D-1039E573305E}.Debug|Any CPU.ActiveCfg = Debug|Any CPU
		{42CAE3F5-C2AD-4043-AE7D-1039E573305E}.Debug|Any CPU.Build.0 = Debug|Any CPU
		{42CAE3F5-C2AD-4043-AE7D-1039E573305E}.Release|Any CPU.ActiveCfg = Release|Any CPU
		{42CAE3F5-C2AD-4043-AE7D-1039E573305E}.Release|Any CPU.Build.0 = Release|Any CPU
	EndGlobalSection
	GlobalSection(SolutionProperties) = preSolution
		HideSolutionNode = FALSE
	EndGlobalSection
	GlobalSection(ExtensibilityGlobals) = postSolution
		SolutionGuid = {0D9BEE7E-7A84-4AD1-BA7B-DAAFAD9D85FB}
	EndGlobalSection
EndGlobal
